
Microsoft Visual Studio Solution File, Format Version 12.00
# Visual Studio Version 16
VisualStudioVersion = 16.0.29201.188
MinimumVisualStudioVersion = 10.0.40219.1
Project("{FAE04EC0-301F-11D3-BF4B-00C04F79EFBC}") = "Exercise8", "Exercise8\Exercise8.csproj", "{049214DB-38DC-468A-BCA4-F65535BA06F7}"
EndProject
Global
	GlobalSection(SolutionConfigurationPlatforms) = preSolution
		Debug|Any CPU = Debug|Any CPU
		Release|Any CPU = Release|Any CPU
	EndGlobalSection
	GlobalSection(ProjectConfigurationPlatforms) = postSolution
		{049214DB-38DC-468A-BCA4-F65535BA06F7}.Debug|Any CPU.ActiveCfg = Debug|Any CPU
		{049214DB-38DC-468A-BCA4-F65535BA06F7}.Debug|Any CPU.Build.0 = Debug|Any CPU
		{049214DB-38DC-468A-BCA4-F65535BA06F7}.Release|Any CPU.ActiveCfg = Release|Any CPU
		{049214DB-38DC-468A-BCA4-F65535BA06F7}.Release|Any CPU.Build.0 = Release|Any CPU
	EndGlobalSection
	GlobalSection(SolutionProperties) = preSolution
		HideSolutionNode = FALSE
	EndGlobalSection
	GlobalSection(ExtensibilityGlobals) = postSolution
		SolutionGuid = {305CA49B-E277-431F-A319-408AD9F84FFA}
	EndGlobalSection
EndGlobal
