
Microsoft Visual Studio Solution File, Format Version 12.00
# Visual Studio Version 16
VisualStudioVersion = 16.0.29201.188
MinimumVisualStudioVersion = 10.0.40219.1
Project("{FAE04EC0-301F-11D3-BF4B-00C04F79EFBC}") = "Exercise6", "Exercise6\Exercise6.csproj", "{EEB83A09-EEFB-4B4F-81F4-82D1939EA474}"
EndProject
Global
	GlobalSection(SolutionConfigurationPlatforms) = preSolution
		Debug|Any CPU = Debug|Any CPU
		Release|Any CPU = Release|Any CPU
	EndGlobalSection
	GlobalSection(ProjectConfigurationPlatforms) = postSolution
		{EEB83A09-EEFB-4B4F-81F4-82D1939EA474}.Debug|Any CPU.ActiveCfg = Debug|Any CPU
		{EEB83A09-EEFB-4B4F-81F4-82D1939EA474}.Debug|Any CPU.Build.0 = Debug|Any CPU
		{EEB83A09-EEFB-4B4F-81F4-82D1939EA474}.Release|Any CPU.ActiveCfg = Release|Any CPU
		{EEB83A09-EEFB-4B4F-81F4-82D1939EA474}.Release|Any CPU.Build.0 = Release|Any CPU
	EndGlobalSection
	GlobalSection(SolutionProperties) = preSolution
		HideSolutionNode = FALSE
	EndGlobalSection
	GlobalSection(ExtensibilityGlobals) = postSolution
		SolutionGuid = {8911D335-2A98-445F-8362-19509549E6AE}
	EndGlobalSection
EndGlobal
